
Microsoft Visual Studio Solution File, Format Version 11.00
# Visual Studio 2010
Project("{FAE04EC0-301F-11D3-BF4B-00C04F79EFBC}") = "mvc4gw7", "mvc4gw7\mvc4gw7.csproj", "{4D20B73C-2DF5-424F-8A09-929997338548}"
EndProject
Global
	GlobalSection(SolutionConfigurationPlatforms) = preSolution
		Debug|Any CPU = Debug|Any CPU
		Release|Any CPU = Release|Any CPU
	EndGlobalSection
	GlobalSection(ProjectConfigurationPlatforms) = postSolution
		{4D20B73C-2DF5-424F-8A09-929997338548}.Debug|Any CPU.ActiveCfg = Debug|Any CPU
		{4D20B73C-2DF5-424F-8A09-929997338548}.Debug|Any CPU.Build.0 = Debug|Any CPU
		{4D20B73C-2DF5-424F-8A09-929997338548}.Release|Any CPU.ActiveCfg = Release|Any CPU
		{4D20B73C-2DF5-424F-8A09-929997338548}.Release|Any CPU.Build.0 = Release|Any CPU
	EndGlobalSection
	GlobalSection(SolutionProperties) = preSolution
		HideSolutionNode = FALSE
	EndGlobalSection
	GlobalSection(ExtensibilityGlobals) = postSolution
		EnterpriseLibraryConfigurationToolBinariesPath = packages\Unity.2.1.505.2\lib\NET35
	EndGlobalSection
EndGlobal
